[[package]]
name = "accelerate"
version = "0.29.2"
description = "Accelerate"
category = "main"
optional = false
python-versions = ">=3.8.0"

[package.dependencies]
huggingface-hub = "*"
numpy = ">=1.17"
packaging = ">=20.0"
psutil = "*"
pyyaml = "*"
safetensors = ">=0.3.1"
torch = ">=1.10.0"

[package.extras]
dev = ["black (>=23.1,<24.0)", "hf-doc-builder (>=0.3.0)", "ruff (>=0.2.1,<0.3.0)", "pytest (>=7.2.0,<=8.0.0)", "pytest-xdist", "pytest-subtests", "parameterized", "datasets", "evaluate", "torchpippy (>=0.2.0)", "transformers", "scipy", "scikit-learn", "deepspeed", "tqdm", "bitsandbytes", "timm", "rich"]
quality = ["black (>=23.1,<24.0)", "hf-doc-builder (>=0.3.0)", "ruff (>=0.2.1,<0.3.0)"]
rich = ["rich"]
sagemaker = ["sagemaker"]
test-dev = ["datasets", "evaluate", "torchpippy (>=0.2.0)", "transformers", "scipy", "scikit-learn", "deepspeed", "tqdm", "bitsandbytes", "timm"]
test-prod = ["pytest (>=7.2.0,<=8.0.0)", "pytest-xdist", "pytest-subtests", "parameterized"]
test-trackers = ["wandb", "comet-ml", "tensorboard", "dvclive"]
testing = ["pytest (>=7.2.0,<=8.0.0)", "pytest-xdist", "pytest-subtests", "parameterized", "datasets", "evaluate", "torchpippy (>=0.2.0)", "transformers", "scipy", "scikit-learn", "deepspeed", "tqdm", "bitsandbytes", "timm"]

[[package]]
name = "aiohttp"
version = "3.9.4"
description = "Async http client/server framework (asyncio)"
category = "main"
optional = false
python-versions = ">=3.8"

[package.dependencies]
aiosignal = ">=1.1.2"
async-timeout = {version = ">=4.0,<5.0", markers = "python_version < \"3.11\""}
attrs = ">=17.3.0"
frozenlist = ">=1.1.1"
multidict = ">=4.5,<7.0"
yarl = ">=1.0,<2.0"

[package.extras]
speedups = ["brotlicffi", "brotli", "aiodns"]

[[package]]
name = "aiosignal"
version = "1.3.1"
description = "aiosignal: a list of registered asynchronous callbacks"
category = "main"
optional = false
python-versions = ">=3.7"

[package.dependencies]
frozenlist = ">=1.1.0"

[[package]]
name = "async-timeout"
version = "4.0.3"
description = "Timeout context manager for asyncio programs"
category = "main"
optional = false
python-versions = ">=3.7"

[[package]]
name = "attrs"
version = "23.2.0"
description = "Classes Without Boilerplate"
category = "main"
optional = false
python-versions = ">=3.7"

[package.extras]
cov = ["attrs", "coverage[toml] (>=5.3)"]
dev = ["attrs", "pre-commit"]
docs = ["furo", "myst-parser", "sphinx", "sphinx-notfound-page", "sphinxcontrib-towncrier", "towncrier", "zope-interface"]
tests = ["attrs", "zope-interface"]
tests-mypy = ["mypy (>=1.6)", "pytest-mypy-plugins"]
tests-no-zope = ["attrs", "cloudpickle", "hypothesis", "pympler", "pytest-xdist", "pytest (>=4.3.0)"]

[[package]]
name = "bitsandbytes"
version = "0.42.0"
description = "k-bit optimizers and matrix multiplication routines."
category = "main"
optional = false
python-versions = "*"

[package.dependencies]
scipy = "*"

[[package]]
name = "certifi"
version = "2024.2.2"
description = "Python package for providing Mozilla's CA Bundle."
category = "main"
optional = false
python-versions = ">=3.6"

[[package]]
name = "charset-normalizer"
version = "3.3.2"
description = "The Real First Universal Charset Detector. Open, modern and actively maintained alternative to Chardet."
category = "main"
optional = false
python-versions = ">=3.7.0"

[[package]]
name = "colorama"
version = "0.4.6"
description = "Cross-platform colored terminal text."
category = "main"
optional = false
python-versions = "!=3.0.*,!=3.1.*,!=3.2.*,!=3.3.*,!=3.4.*,!=3.5.*,!=3.6.*,>=2.7"

[[package]]
name = "datasets"
version = "2.16.1"
description = "HuggingFace community-driven open-source library of datasets"
category = "main"
optional = false
python-versions = ">=3.8.0"

[package.dependencies]
aiohttp = "*"
dill = ">=0.3.0,<0.3.8"
filelock = "*"
fsspec = {version = ">=2023.1.0,<=2023.10.0", extras = ["http"]}
huggingface-hub = ">=0.19.4"
multiprocess = "*"
numpy = ">=1.17"
packaging = "*"
pandas = "*"
pyarrow = ">=8.0.0"
pyarrow-hotfix = "*"
pyyaml = ">=5.1"
requests = ">=2.19.0"
tqdm = ">=4.62.1"
xxhash = "*"

[package.extras]
apache-beam = ["apache-beam (>=2.26.0,<2.44.0)"]
audio = ["soundfile (>=0.12.1)", "librosa"]
benchmarks = ["tensorflow (==2.12.0)", "torch (==2.0.1)", "transformers (==4.30.1)"]
dev = ["absl-py", "joblib (<1.3.0)", "joblibspark", "pytest", "pytest-datadir", "pytest-xdist", "elasticsearch (<8.0.0)", "faiss-cpu (>=1.6.4)", "lz4", "pyspark (>=3.4)", "py7zr", "rarfile (>=4.0)", "sqlalchemy (<2.0.0)", "s3fs (>=2021.11.1)", "tiktoken", "torch (>=2.0.0)", "soundfile (>=0.12.1)", "transformers", "typing-extensions (>=4.6.1)", "zstandard", "Pillow (>=6.2.1)", "librosa", "ruff (>=0.1.5)", "s3fs", "torch", "apache-beam (>=2.26.0,<2.44.0)", "tensorflow (>=2.3,!=2.6.0,!=2.6.1)", "tensorflow (>=2.2.0,!=2.6.0,!=2.6.1)", "jax (>=0.3.14)", "jaxlib (>=0.3.14)", "tensorflow-macos"]
docs = ["s3fs", "transformers", "torch", "tensorflow (>=2.2.0,!=2.6.0,!=2.6.1)", "tensorflow-macos"]
jax = ["jax (>=0.3.14)", "jaxlib (>=0.3.14)"]
metrics-tests = ["accelerate", "bert-score (>=0.3.6)", "jiwer", "langdetect", "mauve-text", "nltk", "rouge-score", "sacrebleu", "sacremoses", "scikit-learn", "scipy", "sentencepiece", "seqeval", "spacy (>=3.0.0)", "tldextract", "toml (>=0.10.1)", "typer (<0.5.0)", "requests-file (>=1.5.1)", "tldextract (>=3.1.0)", "texttable (>=1.6.3)", "Werkzeug (>=1.0.1)", "six (>=1.15.0,<1.16.0)"]
quality = ["ruff (>=0.1.5)"]
s3 = ["s3fs"]
tensorflow = ["tensorflow (>=2.2.0,!=2.6.0,!=2.6.1)", "tensorflow-macos"]
tensorflow_gpu = ["tensorflow-gpu (>=2.2.0,!=2.6.0,!=2.6.1)"]
tests = ["absl-py", "joblib (<1.3.0)", "joblibspark", "pytest", "pytest-datadir", "pytest-xdist", "elasticsearch (<8.0.0)", "faiss-cpu (>=1.6.4)", "lz4", "pyspark (>=3.4)", "py7zr", "rarfile (>=4.0)", "sqlalchemy (<2.0.0)", "s3fs (>=2021.11.1)", "tiktoken", "torch (>=2.0.0)", "soundfile (>=0.12.1)", "transformers", "typing-extensions (>=4.6.1)", "zstandard", "Pillow (>=6.2.1)", "librosa", "apache-beam (>=2.26.0,<2.44.0)", "tensorflow (>=2.3,!=2.6.0,!=2.6.1)", "jax (>=0.3.14)", "jaxlib (>=0.3.14)", "tensorflow-macos"]
torch = ["torch"]
vision = ["Pillow (>=6.2.1)"]

[[package]]
name = "dill"
version = "0.3.7"
description = "serialize all of Python"
category = "main"
optional = false
python-versions = ">=3.7"

[package.extras]
graph = ["objgraph (>=1.7.2)"]

[[package]]
name = "docstring-parser"
version = "0.16"
description = "Parse Python docstrings in reST, Google and Numpydoc format"
category = "main"
optional = false
python-versions = ">=3.6,<4.0"

[[package]]
name = "einops"
version = "0.7.0"
description = "A new flavour of deep learning operations"
category = "main"
optional = false
python-versions = ">=3.8"

[[package]]
name = "evaluate"
version = "0.4.1"
description = "HuggingFace community-driven open-source library of evaluation"
category = "main"
optional = false
python-versions = ">=3.7.0"

[package.dependencies]
datasets = ">=2.0.0"
dill = "*"
fsspec = {version = ">=2021.05.0", extras = ["http"]}
huggingface-hub = ">=0.7.0"
multiprocess = "*"
numpy = ">=1.17"
packaging = "*"
pandas = "*"
requests = ">=2.19.0"
responses = "<0.19"
tqdm = ">=4.62.1"
xxhash = "*"

[package.extras]
dev = ["absl-py", "charcut (>=1.1.1)", "cer (>=1.2.0)", "nltk", "pytest", "pytest-datadir", "pytest-xdist", "tensorflow (>=2.3,!=2.6.0,!=2.6.1,<=2.10)", "torch", "accelerate", "bert-score (>=0.3.6)", "rouge-score (>=0.1.2)", "sacrebleu", "sacremoses", "scipy", "seqeval", "scikit-learn", "jiwer", "sentencepiece", "transformers", "mauve-text", "trectools", "toml (>=0.10.1)", "requests-file (>=1.5.1)", "tldextract (>=3.1.0)", "texttable (>=1.6.3)", "unidecode (>=1.3.4)", "Werkzeug (>=1.0.1)", "six (>=1.15.0,<1.16.0)", "black (>=22.0,<23.0)", "flake8 (>=3.8.3)", "isort (>=5.0.0)", "pyyaml (>=5.3.1)"]
docs = ["s3fs"]
evaluator = ["transformers", "scipy (>=1.7.1)"]
quality = ["black (>=22.0,<23.0)", "flake8 (>=3.8.3)", "isort (>=5.0.0)", "pyyaml (>=5.3.1)"]
template = ["cookiecutter", "gradio (>=3.0.0)"]
tensorflow = ["tensorflow (>=2.2.0,!=2.6.0,!=2.6.1)"]
tensorflow_gpu = ["tensorflow-gpu (>=2.2.0,!=2.6.0,!=2.6.1)"]
tests = ["absl-py", "charcut (>=1.1.1)", "cer (>=1.2.0)", "nltk", "pytest", "pytest-datadir", "pytest-xdist", "tensorflow (>=2.3,!=2.6.0,!=2.6.1,<=2.10)", "torch", "accelerate", "bert-score (>=0.3.6)", "rouge-score (>=0.1.2)", "sacrebleu", "sacremoses", "scipy", "seqeval", "scikit-learn", "jiwer", "sentencepiece", "transformers", "mauve-text", "trectools", "toml (>=0.10.1)", "requests-file (>=1.5.1)", "tldextract (>=3.1.0)", "texttable (>=1.6.3)", "unidecode (>=1.3.4)", "Werkzeug (>=1.0.1)", "six (>=1.15.0,<1.16.0)"]
torch = ["torch"]

[[package]]
name = "filelock"
version = "3.13.4"
description = "A platform independent file lock."
category = "main"
optional = false
python-versions = ">=3.8"

[package.extras]
docs = ["furo (>=2023.9.10)", "sphinx-autodoc-typehints (>=1.25.2)", "sphinx (>=7.2.6)"]
testing = ["covdefaults (>=2.3)", "coverage (>=7.3.2)", "diff-cover (>=8.0.1)", "pytest-cov (>=4.1)", "pytest-mock (>=3.12)", "pytest-timeout (>=2.2)", "pytest (>=7.4.3)"]
typing = ["typing-extensions (>=4.8)"]

[[package]]
name = "flash-attn"
version = "2.5.7"
description = "Flash Attention: Fast and Memory-Efficient Exact Attention"
category = "main"
optional = false
python-versions = ">=3.7"

[package.dependencies]
einops = "*"
ninja = "*"
packaging = "*"
torch = "*"

[[package]]
name = "frozenlist"
version = "1.4.1"
description = "A list-like structure which implements collections.abc.MutableSequence"
category = "main"
optional = false
python-versions = ">=3.8"

[[package]]
name = "fsspec"
version = "2023.10.0"
description = "File-system specification"
category = "main"
optional = false
python-versions = ">=3.8"

[package.dependencies]
aiohttp = {version = "<4.0.0a0 || >4.0.0a0,<4.0.0a1 || >4.0.0a1", optional = true, markers = "extra == \"http\""}
requests = {version = "*", optional = true, markers = "extra == \"http\""}

[package.extras]
abfs = ["adlfs"]
adl = ["adlfs"]
arrow = ["pyarrow (>=1)"]
dask = ["dask", "distributed"]
devel = ["pytest", "pytest-cov"]
dropbox = ["dropboxdrivefs", "requests", "dropbox"]
full = ["adlfs", "aiohttp (!=4.0.0a0,!=4.0.0a1)", "dask", "distributed", "dropbox", "dropboxdrivefs", "fusepy", "gcsfs", "libarchive-c", "ocifs", "panel", "paramiko", "pyarrow (>=1)", "pygit2", "requests", "s3fs", "smbprotocol", "tqdm"]
fuse = ["fusepy"]
gcs = ["gcsfs"]
git = ["pygit2"]
github = ["requests"]
gs = ["gcsfs"]
gui = ["panel"]
hdfs = ["pyarrow (>=1)"]
http = ["requests", "aiohttp (!=4.0.0a0,!=4.0.0a1)"]
libarchive = ["libarchive-c"]
oci = ["ocifs"]
s3 = ["s3fs"]
sftp = ["paramiko"]
smb = ["smbprotocol"]
ssh = ["paramiko"]
tqdm = ["tqdm"]

[[package]]
name = "huggingface-hub"
version = "0.22.2"
description = "Client library to download and publish models, datasets and other repos on the huggingface.co hub"
category = "main"
optional = false
python-versions = ">=3.8.0"

[package.dependencies]
filelock = "*"
fsspec = ">=2023.5.0"
packaging = ">=20.9"
pyyaml = ">=5.1"
requests = "*"
tqdm = ">=4.42.1"
typing-extensions = ">=3.7.4.3"

[package.extras]
all = ["InquirerPy (==0.3.4)", "aiohttp", "minijinja (>=1.0)", "jedi", "jinja2", "pytest", "pytest-cov", "pytest-env", "pytest-xdist", "pytest-vcr", "pytest-asyncio", "pytest-rerunfailures", "urllib3 (<2.0)", "soundfile", "pillow", "gradio", "numpy", "ruff (>=0.3.0)", "mypy (==1.5.1)", "typing-extensions (>=4.8.0)", "types-pyyaml", "types-requests", "types-simplejson", "types-toml", "types-tqdm", "types-urllib3"]
cli = ["InquirerPy (==0.3.4)"]
dev = ["InquirerPy (==0.3.4)", "aiohttp", "minijinja (>=1.0)", "jedi", "jinja2", "pytest", "pytest-cov", "pytest-env", "pytest-xdist", "pytest-vcr", "pytest-asyncio", "pytest-rerunfailures", "urllib3 (<2.0)", "soundfile", "pillow", "gradio", "numpy", "ruff (>=0.3.0)", "mypy (==1.5.1)", "typing-extensions (>=4.8.0)", "types-pyyaml", "types-requests", "types-simplejson", "types-toml", "types-tqdm", "types-urllib3"]
fastai = ["toml", "fastai (>=2.4)", "fastcore (>=1.3.27)"]
hf-transfer = ["hf-transfer (>=0.1.4)"]
inference = ["aiohttp", "minijinja (>=1.0)"]
quality = ["ruff (>=0.3.0)", "mypy (==1.5.1)"]
tensorflow = ["tensorflow", "pydot", "graphviz"]
tensorflow-testing = ["tensorflow", "keras (<3.0)"]
testing = ["InquirerPy (==0.3.4)", "aiohttp", "minijinja (>=1.0)", "jedi", "jinja2", "pytest", "pytest-cov", "pytest-env", "pytest-xdist", "pytest-vcr", "pytest-asyncio", "pytest-rerunfailures", "urllib3 (<2.0)", "soundfile", "pillow", "gradio", "numpy"]
torch = ["torch", "safetensors"]
typing = ["typing-extensions (>=4.8.0)", "types-pyyaml", "types-requests", "types-simplejson", "types-toml", "types-tqdm", "types-urllib3"]

[[package]]
name = "idna"
version = "3.7"
description = "Internationalized Domain Names in Applications (IDNA)"
category = "main"
optional = false
python-versions = ">=3.5"

[[package]]
name = "jinja2"
version = "3.1.3"
description = "A very fast and expressive template engine."
category = "main"
optional = false
python-versions = ">=3.7"

[package.dependencies]
MarkupSafe = ">=2.0"

[package.extras]
i18n = ["Babel (>=2.7)"]

[[package]]
name = "markdown-it-py"
version = "3.0.0"
description = "Python port of markdown-it. Markdown parsing, done right!"
category = "main"
optional = false
python-versions = ">=3.8"

[package.dependencies]
mdurl = ">=0.1,<1.0"

[package.extras]
benchmarking = ["psutil", "pytest", "pytest-benchmark"]
code_style = ["pre-commit (>=3.0,<4.0)"]
compare = ["commonmark (>=0.9,<1.0)", "markdown (>=3.4,<4.0)", "mistletoe (>=1.0,<2.0)", "mistune (>=2.0,<3.0)", "panflute (>=2.3,<3.0)"]
linkify = ["linkify-it-py (>=1,<3)"]
plugins = ["mdit-py-plugins"]
profiling = ["gprof2dot"]
rtd = ["mdit-py-plugins", "myst-parser", "pyyaml", "sphinx", "sphinx-copybutton", "sphinx-design", "sphinx-book-theme", "jupyter-sphinx"]
testing = ["coverage", "pytest", "pytest-cov", "pytest-regressions"]

[[package]]
name = "markupsafe"
version = "2.1.5"
description = "Safely add untrusted strings to HTML/XML markup."
category = "main"
optional = false
python-versions = ">=3.7"

[[package]]
name = "mdurl"
version = "0.1.2"
description = "Markdown URL utilities"
category = "main"
optional = false
python-versions = ">=3.7"

[[package]]
name = "mpmath"
version = "1.3.0"
description = "Python library for arbitrary-precision floating-point arithmetic"
category = "main"
optional = false
python-versions = "*"

[package.extras]
develop = ["pytest (>=4.6)", "pycodestyle", "pytest-cov", "codecov", "wheel"]
docs = ["sphinx"]
gmpy = ["gmpy2 (>=2.1.0a4)"]
tests = ["pytest (>=4.6)"]

[[package]]
name = "multidict"
version = "6.0.5"
description = "multidict implementation"
category = "main"
optional = false
python-versions = ">=3.7"

[[package]]
name = "multiprocess"
version = "0.70.15"
description = "better multiprocessing and multithreading in Python"
category = "main"
optional = false
python-versions = ">=3.7"

[package.dependencies]
dill = ">=0.3.7"

[[package]]
name = "networkx"
version = "3.3"
description = "Python package for creating and manipulating graphs and networks"
category = "main"
optional = false
python-versions = ">=3.10"

[package.extras]
default = ["numpy (>=1.23)", "scipy (>=1.9,!=1.11.0,!=1.11.1)", "matplotlib (>=3.6)", "pandas (>=1.4)"]
developer = ["changelist (==0.5)", "pre-commit (>=3.2)", "mypy (>=1.1)", "rtoml"]
doc = ["sphinx (>=7)", "pydata-sphinx-theme (>=0.14)", "sphinx-gallery (>=0.14)", "numpydoc (>=1.7)", "pillow (>=9.4)", "texext (>=0.6.7)", "myst-nb (>=1.0)"]
extra = ["lxml (>=4.6)", "pygraphviz (>=1.12)", "pydot (>=2.0)", "sympy (>=1.10)"]
test = ["pytest (>=7.2)", "pytest-cov (>=4.0)"]

[[package]]
name = "ninja"
version = "1.11.1.1"
description = "Ninja is a small build system with a focus on speed"
category = "main"
optional = false
python-versions = "*"

[package.extras]
test = ["codecov (>=2.0.5)", "coverage (>=4.2)", "flake8 (>=3.0.4)", "pytest (>=4.5.0)", "pytest-cov (>=2.7.1)", "pytest-runner (>=5.1)", "pytest-virtualenv (>=1.7.0)", "virtualenv (>=15.0.3)"]

[[package]]
name = "numpy"
version = "1.26.4"
description = "Fundamental package for array computing in Python"
category = "main"
optional = false
python-versions = ">=3.9"

[[package]]
name = "nvidia-cublas-cu12"
version = "12.1.3.1"
description = "CUBLAS native runtime libraries"
category = "main"
optional = false
python-versions = ">=3"

[[package]]
name = "nvidia-cuda-cupti-cu12"
version = "12.1.105"
description = "CUDA profiling tools runtime libs."
category = "main"
optional = false
python-versions = ">=3"

[[package]]
name = "nvidia-cuda-nvrtc-cu12"
version = "12.1.105"
description = "NVRTC native runtime libraries"
category = "main"
optional = false
python-versions = ">=3"

[[package]]
name = "nvidia-cuda-runtime-cu12"
version = "12.1.105"
description = "CUDA Runtime native Libraries"
category = "main"
optional = false
python-versions = ">=3"

[[package]]
name = "nvidia-cudnn-cu12"
version = "8.9.2.26"
description = "cuDNN runtime libraries"
category = "main"
optional = false
python-versions = ">=3"

[package.dependencies]
nvidia-cublas-cu12 = "*"

[[package]]
name = "nvidia-cufft-cu12"
version = "11.0.2.54"
description = "CUFFT native runtime libraries"
category = "main"
optional = false
python-versions = ">=3"

[[package]]
name = "nvidia-curand-cu12"
version = "10.3.2.106"
description = "CURAND native runtime libraries"
category = "main"
optional = false
python-versions = ">=3"

[[package]]
name = "nvidia-cusolver-cu12"
version = "11.4.5.107"
description = "CUDA solver native runtime libraries"
category = "main"
optional = false
python-versions = ">=3"

[package.dependencies]
nvidia-cublas-cu12 = "*"
nvidia-cusparse-cu12 = "*"
nvidia-nvjitlink-cu12 = "*"

[[package]]
name = "nvidia-cusparse-cu12"
version = "12.1.0.106"
description = "CUSPARSE native runtime libraries"
category = "main"
optional = false
python-versions = ">=3"

[package.dependencies]
nvidia-nvjitlink-cu12 = "*"

[[package]]
name = "nvidia-nccl-cu12"
version = "2.18.1"
description = "NVIDIA Collective Communication Library (NCCL) Runtime"
category = "main"
optional = false
python-versions = ">=3"

[[package]]
name = "nvidia-nvjitlink-cu12"
version = "12.4.127"
description = "Nvidia JIT LTO Library"
category = "main"
optional = false
python-versions = ">=3"

[[package]]
name = "nvidia-nvtx-cu12"
version = "12.1.105"
description = "NVIDIA Tools Extension"
category = "main"
optional = false
python-versions = ">=3"

[[package]]
name = "packaging"
version = "24.0"
description = "Core utilities for Python packages"
category = "main"
optional = false
python-versions = ">=3.7"

[[package]]
name = "pandas"
version = "2.2.2"
description = "Powerful data structures for data analysis, time series, and statistics"
category = "main"
optional = false
python-versions = ">=3.9"

[package.dependencies]
numpy = [
    {version = ">=1.22.4", markers = "python_version < \"3.11\""},
    {version = ">=1.23.2", markers = "python_version == \"3.11\""},
    {version = ">=1.26.0", markers = "python_version >= \"3.12\""},
]
python-dateutil = ">=2.8.2"
pytz = ">=2020.1"
tzdata = ">=2022.7"

[package.extras]
test = ["hypothesis (>=6.46.1)", "pytest (>=7.3.2)", "pytest-xdist (>=2.2.0)"]
pyarrow = ["pyarrow (>=10.0.1)"]
performance = ["bottleneck (>=1.3.6)", "numba (>=0.56.4)", "numexpr (>=2.8.4)"]
computation = ["scipy (>=1.10.0)", "xarray (>=2022.12.0)"]
fss = ["fsspec (>=2022.11.0)"]
aws = ["s3fs (>=2022.11.0)"]
gcp = ["gcsfs (>=2022.11.0)", "pandas-gbq (>=0.19.0)"]
excel = ["odfpy (>=1.4.1)", "openpyxl (>=3.1.0)", "python-calamine (>=0.1.7)", "pyxlsb (>=1.0.10)", "xlrd (>=2.0.1)", "xlsxwriter (>=3.0.5)"]
parquet = ["pyarrow (>=10.0.1)"]
feather = ["pyarrow (>=10.0.1)"]
hdf5 = ["tables (>=3.8.0)"]
spss = ["pyreadstat (>=1.2.0)"]
postgresql = ["SQLAlchemy (>=2.0.0)", "psycopg2 (>=2.9.6)", "adbc-driver-postgresql (>=0.8.0)"]
mysql = ["SQLAlchemy (>=2.0.0)", "pymysql (>=1.0.2)"]
sql-other = ["SQLAlchemy (>=2.0.0)", "adbc-driver-postgresql (>=0.8.0)", "adbc-driver-sqlite (>=0.8.0)"]
html = ["beautifulsoup4 (>=4.11.2)", "html5lib (>=1.1)", "lxml (>=4.9.2)"]
xml = ["lxml (>=4.9.2)"]
plot = ["matplotlib (>=3.6.3)"]
output-formatting = ["jinja2 (>=3.1.2)", "tabulate (>=0.9.0)"]
clipboard = ["PyQt5 (>=5.15.9)", "qtpy (>=2.3.0)"]
compression = ["zstandard (>=0.19.0)"]
consortium-standard = ["dataframe-api-compat (>=0.1.7)"]
all = ["adbc-driver-postgresql (>=0.8.0)", "adbc-driver-sqlite (>=0.8.0)", "beautifulsoup4 (>=4.11.2)", "bottleneck (>=1.3.6)", "dataframe-api-compat (>=0.1.7)", "fastparquet (>=2022.12.0)", "fsspec (>=2022.11.0)", "gcsfs (>=2022.11.0)", "html5lib (>=1.1)", "hypothesis (>=6.46.1)", "jinja2 (>=3.1.2)", "lxml (>=4.9.2)", "matplotlib (>=3.6.3)", "numba (>=0.56.4)", "numexpr (>=2.8.4)", "odfpy (>=1.4.1)", "openpyxl (>=3.1.0)", "pandas-gbq (>=0.19.0)", "psycopg2 (>=2.9.6)", "pyarrow (>=10.0.1)", "pymysql (>=1.0.2)", "PyQt5 (>=5.15.9)", "pyreadstat (>=1.2.0)", "pytest (>=7.3.2)", "pytest-xdist (>=2.2.0)", "python-calamine (>=0.1.7)", "pyxlsb (>=1.0.10)", "qtpy (>=2.3.0)", "scipy (>=1.10.0)", "s3fs (>=2022.11.0)", "SQLAlchemy (>=2.0.0)", "tables (>=3.8.0)", "tabulate (>=0.9.0)", "xarray (>=2022.12.0)", "xlrd (>=2.0.1)", "xlsxwriter (>=3.0.5)", "zstandard (>=0.19.0)"]

[[package]]
name = "peft"
version = "0.7.2.dev0"
description = ""
category = "main"
optional = false
python-versions = ">=3.8.0"
develop = false

[package.dependencies]
accelerate = ">=0.21.0"
huggingface_hub = ">=0.17.0"
numpy = ">=1.17"
packaging = ">=20.0"
psutil = "*"
pyyaml = "*"
safetensors = "*"
torch = ">=1.13.0"
tqdm = "*"
transformers = "*"

[package.source]
type = "git"
url = "https://github.com/huggingface/peft"
reference = "4a1559582281fc3c9283892caea8ccef1d6f5a4f"
resolved_reference = "4a1559582281fc3c9283892caea8ccef1d6f5a4f"

[[package]]
name = "psutil"
version = "5.9.8"
description = "Cross-platform lib for process and system monitoring in Python."
category = "main"
optional = false
python-versions = ">=2.7, !=3.0.*, !=3.1.*, !=3.2.*, !=3.3.*, !=3.4.*, !=3.5.*"

[package.extras]
test = ["enum34", "ipaddress", "mock", "pywin32", "wmi"]

[[package]]
name = "pyarrow"
version = "15.0.2"
description = "Python library for Apache Arrow"
category = "main"
optional = false
python-versions = ">=3.8"

[package.dependencies]
numpy = ">=1.16.6,<2"

[[package]]
name = "pyarrow-hotfix"
version = "0.6"
description = ""
category = "main"
optional = false
python-versions = ">=3.5"

[[package]]
name = "pygments"
version = "2.17.2"
description = "Pygments is a syntax highlighting package written in Python."
category = "main"
optional = false
python-versions = ">=3.7"

[package.extras]
plugins = ["importlib-metadata"]
windows-terminal = ["colorama (>=0.4.6)"]

[[package]]
name = "python-dateutil"
version = "2.9.0.post0"
description = "Extensions to the standard Python datetime module"
category = "main"
optional = false
python-versions = "!=3.0.*,!=3.1.*,!=3.2.*,>=2.7"

[package.dependencies]
six = ">=1.5"

[[package]]
name = "pytz"
version = "2024.1"
description = "World timezone definitions, modern and historical"
category = "main"
optional = false
python-versions = "*"

[[package]]
name = "pyyaml"
version = "6.0.1"
description = "YAML parser and emitter for Python"
category = "main"
optional = false
python-versions = ">=3.6"

[[package]]
name = "regex"
version = "2023.12.25"
description = "Alternative regular expression module, to replace re."
category = "main"
optional = false
python-versions = ">=3.7"

[[package]]
name = "requests"
version = "2.31.0"
description = "Python HTTP for Humans."
category = "main"
optional = false
python-versions = ">=3.7"

[package.dependencies]
certifi = ">=2017.4.17"
charset-normalizer = ">=2,<4"
idna = ">=2.5,<4"
urllib3 = ">=1.21.1,<3"

[package.extras]
socks = ["PySocks (>=1.5.6,!=1.5.7)"]
use_chardet_on_py3 = ["chardet (>=3.0.2,<6)"]

[[package]]
name = "responses"
version = "0.18.0"
description = "A utility library for mocking out the `requests` Python library."
category = "main"
optional = false
python-versions = ">=3.7"

[package.dependencies]
requests = ">=2.0,<3.0"
urllib3 = ">=1.25.10"

[package.extras]
tests = ["pytest (>=4.6)", "coverage (>=6.0.0)", "pytest-cov", "pytest-localserver", "flake8", "types-mock", "types-requests", "mypy"]

[[package]]
name = "rich"
version = "13.7.1"
description = "Render rich text, tables, progress bars, syntax highlighting, markdown and more to the terminal"
category = "main"
optional = false
python-versions = ">=3.7.0"

[package.dependencies]
markdown-it-py = ">=2.2.0"
pygments = ">=2.13.0,<3.0.0"

[package.extras]
jupyter = ["ipywidgets (>=7.5.1,<9)"]

[[package]]
name = "safetensors"
version = "0.4.2"
description = ""
category = "main"
optional = false
python-versions = ">=3.7"

[package.extras]
numpy = ["numpy (>=1.21.6)"]
torch = ["safetensors", "torch (>=1.10)"]
tensorflow = ["safetensors", "tensorflow (>=2.11.0)"]
pinned-tf = ["safetensors", "tensorflow (==2.11.0)"]
jax = ["safetensors", "flax (>=0.6.3)", "jax (>=0.3.25)", "jaxlib (>=0.3.25)"]
mlx = ["mlx (>=0.0.9)"]
paddlepaddle = ["safetensors", "paddlepaddle (>=2.4.1)"]
quality = ["black (==22.3)", "click (==8.0.4)", "isort (>=5.5.4)", "flake8 (>=3.8.3)"]
testing = ["safetensors", "h5py (>=3.7.0)", "huggingface_hub (>=0.12.1)", "setuptools_rust (>=1.5.2)", "pytest (>=7.2.0)", "pytest-benchmark (>=4.0.0)", "hypothesis (>=6.70.2)"]
all = ["safetensors", "safetensors", "safetensors", "safetensors", "safetensors", "safetensors", "safetensors"]
dev = ["safetensors"]

[[package]]
name = "scipy"
version = "1.13.0"
description = "Fundamental algorithms for scientific computing in Python"
category = "main"
optional = false
python-versions = ">=3.9"

[package.dependencies]
numpy = ">=1.22.4,<2.3"

[package.extras]
test = ["pytest", "pytest-cov", "pytest-timeout", "pytest-xdist", "asv", "mpmath", "gmpy2", "threadpoolctl", "scikit-umfpack", "pooch", "hypothesis (>=6.30)", "array-api-strict"]
doc = ["sphinx (>=5.0.0)", "pydata-sphinx-theme (>=0.15.2)", "sphinx-design (>=0.4.0)", "matplotlib (>=3.5)", "numpydoc", "jupytext", "myst-nb", "pooch", "jupyterlite-sphinx (>=0.12.0)", "jupyterlite-pyodide-kernel"]
dev = ["mypy", "typing-extensions", "types-psutil", "pycodestyle", "ruff", "cython-lint (>=0.12.2)", "rich-click", "doit (>=0.36.0)", "pydevtool"]

[[package]]
name = "shtab"
version = "1.7.1"
description = "Automagic shell tab completion for Python CLI applications"
category = "main"
optional = false
python-versions = ">=3.7"

[package.extras]
dev = ["pytest (>=6)", "pytest-cov", "pytest-timeout"]

[[package]]
name = "six"
version = "1.16.0"
description = "Python 2 and 3 compatibility utilities"
category = "main"
optional = false
python-versions = ">=2.7, !=3.0.*, !=3.1.*, !=3.2.*"

[[package]]
name = "sympy"
version = "1.12"
description = "Computer algebra system (CAS) in Python"
category = "main"
optional = false
python-versions = ">=3.8"

[package.dependencies]
mpmath = ">=0.19"

[[package]]
name = "tokenizers"
version = "0.15.2"
description = ""
category = "main"
optional = false
python-versions = ">=3.7"

[package.dependencies]
huggingface_hub = ">=0.16.4,<1.0"

[package.extras]
testing = ["pytest", "requests", "numpy", "datasets", "black (==22.3)"]
docs = ["sphinx", "sphinx-rtd-theme", "setuptools-rust"]
dev = ["tokenizers"]

[[package]]
name = "torch"
version = "2.1.2"
description = "Tensors and Dynamic neural networks in Python with strong GPU acceleration"
category = "main"
optional = false
python-versions = ">=3.8.0"

[package.dependencies]
filelock = "*"
fsspec = "*"
jinja2 = "*"
networkx = "*"
nvidia-cublas-cu12 = {version = "12.1.3.1", markers = "platform_system == \"Linux\" and platform_machine == \"x86_64\""}
nvidia-cuda-cupti-cu12 = {version = "12.1.105", markers = "platform_system == \"Linux\" and platform_machine == \"x86_64\""}
nvidia-cuda-nvrtc-cu12 = {version = "12.1.105", markers = "platform_system == \"Linux\" and platform_machine == \"x86_64\""}
nvidia-cuda-runtime-cu12 = {version = "12.1.105", markers = "platform_system == \"Linux\" and platform_machine == \"x86_64\""}
nvidia-cudnn-cu12 = {version = "8.9.2.26", markers = "platform_system == \"Linux\" and platform_machine == \"x86_64\""}
nvidia-cufft-cu12 = {version = "11.0.2.54", markers = "platform_system == \"Linux\" and platform_machine == \"x86_64\""}
nvidia-curand-cu12 = {version = "10.3.2.106", markers = "platform_system == \"Linux\" and platform_machine == \"x86_64\""}
nvidia-cusolver-cu12 = {version = "11.4.5.107", markers = "platform_system == \"Linux\" and platform_machine == \"x86_64\""}
nvidia-cusparse-cu12 = {version = "12.1.0.106", markers = "platform_system == \"Linux\" and platform_machine == \"x86_64\""}
nvidia-nccl-cu12 = {version = "2.18.1", markers = "platform_system == \"Linux\" and platform_machine == \"x86_64\""}
nvidia-nvtx-cu12 = {version = "12.1.105", markers = "platform_system == \"Linux\" and platform_machine == \"x86_64\""}
sympy = "*"
triton = {version = "2.1.0", markers = "platform_system == \"Linux\" and platform_machine == \"x86_64\""}
typing-extensions = "*"

[package.extras]
dynamo = ["jinja2"]
opt-einsum = ["opt-einsum (>=3.3)"]

[[package]]
name = "tqdm"
version = "4.66.2"
description = "Fast, Extensible Progress Meter"
category = "main"
optional = false
python-versions = ">=3.7"

[package.dependencies]
colorama = {version = "*", markers = "platform_system == \"Windows\""}

[package.extras]
dev = ["pytest (>=6)", "pytest-cov", "pytest-timeout", "pytest-xdist"]
notebook = ["ipywidgets (>=6)"]
slack = ["slack-sdk"]
telegram = ["requests"]

[[package]]
name = "transformers"
version = "4.36.2"
description = "State-of-the-art Machine Learning for JAX, PyTorch and TensorFlow"
category = "main"
optional = false
python-versions = ">=3.8.0"

[package.dependencies]
filelock = "*"
huggingface-hub = ">=0.19.3,<1.0"
numpy = ">=1.17"
packaging = ">=20.0"
pyyaml = ">=5.1"
regex = "!=2019.12.17"
requests = "*"
safetensors = ">=0.3.1"
tokenizers = ">=0.14,<0.19"
tqdm = ">=4.27"

[package.extras]
accelerate = ["accelerate (>=0.21.0)"]
agents = ["diffusers", "accelerate (>=0.21.0)", "datasets (!=2.5.0)", "torch (>=1.10,!=1.12.0)", "sentencepiece (>=0.1.91,!=0.1.92)", "opencv-python", "Pillow (>=10.0.1,<=15.0)"]
all = ["tensorflow (>=2.6,<2.16)", "onnxconverter-common", "tf2onnx", "tensorflow-text (<2.16)", "keras-nlp (>=0.3.1)", "torch (>=1.10,!=1.12.0)", "accelerate (>=0.21.0)", "jax (>=0.4.1,<=0.4.13)", "jaxlib (>=0.4.1,<=0.4.13)", "flax (>=0.4.1,<=0.7.0)", "optax (>=0.0.8,<=0.1.4)", "sentencepiece (>=0.1.91,!=0.1.92)", "protobuf", "tokenizers (>=0.14,<0.19)", "torchaudio", "librosa", "pyctcdecode (>=0.4.0)", "phonemizer", "kenlm", "Pillow (>=10.0.1,<=15.0)", "optuna", "ray[tune] (>=2.7.0)", "sigopt", "timm", "torchvision", "codecarbon (==1.2.0)", "decord (==0.6.0)", "av (==9.2.0)"]
audio = ["librosa", "pyctcdecode (>=0.4.0)", "phonemizer", "kenlm"]
codecarbon = ["codecarbon (==1.2.0)"]
deepspeed = ["deepspeed (>=0.9.3)", "accelerate (>=0.21.0)"]
deepspeed-testing = ["deepspeed (>=0.9.3)", "accelerate (>=0.21.0)", "pytest (>=7.2.0)", "pytest-xdist", "timeout-decorator", "parameterized", "psutil", "datasets (!=2.5.0)", "dill (<0.3.5)", "evaluate (>=0.2.0)", "pytest-timeout", "ruff (==0.1.5)", "sacrebleu (>=1.4.12,<2.0.0)", "rouge-score (!=0.0.7,!=0.0.8,!=0.1,!=0.1.1)", "nltk", "GitPython (<3.1.19)", "hf-doc-builder (>=0.3.0)", "protobuf", "sacremoses", "rjieba", "beautifulsoup4", "tensorboard", "pydantic (<2)", "faiss-cpu", "cookiecutter (==1.7.3)", "optuna", "sentencepiece (>=0.1.91,!=0.1.92)"]
dev = ["tensorflow (>=2.6,<2.16)", "onnxconverter-common", "tf2onnx", "tensorflow-text (<2.16)", "keras-nlp (>=0.3.1)", "torch (>=1.10,!=1.12.0)", "accelerate (>=0.21.0)", "jax (>=0.4.1,<=0.4.13)", "jaxlib (>=0.4.1,<=0.4.13)", "flax (>=0.4.1,<=0.7.0)", "optax (>=0.0.8,<=0.1.4)", "sentencepiece (>=0.1.91,!=0.1.92)", "protobuf", "tokenizers (>=0.14,<0.19)", "torchaudio", "librosa", "pyctcdecode (>=0.4.0)", "phonemizer", "kenlm", "Pillow (>=10.0.1,<=15.0)", "optuna", "ray[tune] (>=2.7.0)", "sigopt", "timm", "torchvision", "codecarbon (==1.2.0)", "decord (==0.6.0)", "av (==9.2.0)", "pytest (>=7.2.0)", "pytest-xdist", "timeout-decorator", "parameterized", "psutil", "datasets (!=2.5.0)", "dill (<0.3.5)", "evaluate (>=0.2.0)", "pytest-timeout", "ruff (==0.1.5)", "sacrebleu (>=1.4.12,<2.0.0)", "rouge-score (!=0.0.7,!=0.0.8,!=0.1,!=0.1.1)", "nltk", "GitPython (<3.1.19)", "hf-doc-builder (>=0.3.0)", "sacremoses", "rjieba", "beautifulsoup4", "tensorboard", "pydantic (<2)", "faiss-cpu", "cookiecutter (==1.7.3)", "isort (>=5.5.4)", "urllib3 (<2.0.0)", "fugashi (>=1.0)", "ipadic (>=1.0.0,<2.0)", "unidic-lite (>=1.0.7)", "unidic (>=1.0.2)", "sudachipy (>=0.6.6)", "sudachidict-core (>=20220729)", "rhoknp (>=1.1.0,<1.3.1)", "hf-doc-builder", "scikit-learn"]
dev-tensorflow = ["pytest (>=7.2.0)", "pytest-xdist", "timeout-decorator", "parameterized", "psutil", "datasets (!=2.5.0)", "dill (<0.3.5)", "evaluate (>=0.2.0)", "pytest-timeout", "ruff (==0.1.5)", "sacrebleu (>=1.4.12,<2.0.0)", "rouge-score (!=0.0.7,!=0.0.8,!=0.1,!=0.1.1)", "nltk", "GitPython (<3.1.19)", "hf-doc-builder (>=0.3.0)", "protobuf", "sacremoses", "rjieba", "beautifulsoup4", "tensorboard", "pydantic (<2)", "faiss-cpu", "cookiecutter (==1.7.3)", "tensorflow (>=2.6,<2.16)", "onnxconverter-common", "tf2onnx", "tensorflow-text (<2.16)", "keras-nlp (>=0.3.1)", "sentencepiece (>=0.1.91,!=0.1.92)", "tokenizers (>=0.14,<0.19)", "Pillow (>=10.0.1,<=15.0)", "isort (>=5.5.4)", "urllib3 (<2.0.0)", "hf-doc-builder", "scikit-learn", "onnxruntime (>=1.4.0)", "onnxruntime-tools (>=1.4.2)", "librosa", "pyctcdecode (>=0.4.0)", "phonemizer", "kenlm"]
dev-torch = ["pytest (>=7.2.0)", "pytest-xdist", "timeout-decorator", "parameterized", "psutil", "datasets (!=2.5.0)", "dill (<0.3.5)", "evaluate (>=0.2.0)", "pytest-timeout", "ruff (==0.1.5)", "sacrebleu (>=1.4.12,<2.0.0)", "rouge-score (!=0.0.7,!=0.0.8,!=0.1,!=0.1.1)", "nltk", "GitPython (<3.1.19)", "hf-doc-builder (>=0.3.0)", "protobuf", "sacremoses", "rjieba", "beautifulsoup4", "tensorboard", "pydantic (<2)", "faiss-cpu", "cookiecutter (==1.7.3)", "torch (>=1.10,!=1.12.0)", "accelerate (>=0.21.0)", "sentencepiece (>=0.1.91,!=0.1.92)", "tokenizers (>=0.14,<0.19)", "torchaudio", "librosa", "pyctcdecode (>=0.4.0)", "phonemizer", "kenlm", "Pillow (>=10.0.1,<=15.0)", "optuna", "ray[tune] (>=2.7.0)", "sigopt", "timm", "torchvision", "codecarbon (==1.2.0)", "isort (>=5.5.4)", "urllib3 (<2.0.0)", "fugashi (>=1.0)", "ipadic (>=1.0.0,<2.0)", "unidic-lite (>=1.0.7)", "unidic (>=1.0.2)", "sudachipy (>=0.6.6)", "sudachidict-core (>=20220729)", "rhoknp (>=1.1.0,<1.3.1)", "hf-doc-builder", "scikit-learn", "onnxruntime (>=1.4.0)", "onnxruntime-tools (>=1.4.2)"]
docs = ["tensorflow (>=2.6,<2.16)", "onnxconverter-common", "tf2onnx", "tensorflow-text (<2.16)", "keras-nlp (>=0.3.1)", "torch (>=1.10,!=1.12.0)", "accelerate (>=0.21.0)", "jax (>=0.4.1,<=0.4.13)", "jaxlib (>=0.4.1,<=0.4.13)", "flax (>=0.4.1,<=0.7.0)", "optax (>=0.0.8,<=0.1.4)", "sentencepiece (>=0.1.91,!=0.1.92)", "protobuf", "tokenizers (>=0.14,<0.19)", "torchaudio", "librosa", "pyctcdecode (>=0.4.0)", "phonemizer", "kenlm", "Pillow (>=10.0.1,<=15.0)", "optuna", "ray[tune] (>=2.7.0)", "sigopt", "timm", "torchvision", "codecarbon (==1.2.0)", "decord (==0.6.0)", "av (==9.2.0)", "hf-doc-builder"]
docs_specific = ["hf-doc-builder"]
flax = ["jax (>=0.4.1,<=0.4.13)", "jaxlib (>=0.4.1,<=0.4.13)", "flax (>=0.4.1,<=0.7.0)", "optax (>=0.0.8,<=0.1.4)"]
flax-speech = ["librosa", "pyctcdecode (>=0.4.0)", "phonemizer", "kenlm"]
ftfy = ["ftfy"]
integrations = ["optuna", "ray[tune] (>=2.7.0)", "sigopt"]
ja = ["fugashi (>=1.0)", "ipadic (>=1.0.0,<2.0)", "unidic-lite (>=1.0.7)", "unidic (>=1.0.2)", "sudachipy (>=0.6.6)", "sudachidict-core (>=20220729)", "rhoknp (>=1.1.0,<1.3.1)"]
modelcreation = ["cookiecutter (==1.7.3)"]
natten = ["natten (>=0.14.6)"]
onnx = ["onnxconverter-common", "tf2onnx", "onnxruntime (>=1.4.0)", "onnxruntime-tools (>=1.4.2)"]
onnxruntime = ["onnxruntime (>=1.4.0)", "onnxruntime-tools (>=1.4.2)"]
optuna = ["optuna"]
quality = ["datasets (!=2.5.0)", "isort (>=5.5.4)", "ruff (==0.1.5)", "GitPython (<3.1.19)", "hf-doc-builder (>=0.3.0)", "urllib3 (<2.0.0)"]
ray = ["ray[tune] (>=2.7.0)"]
retrieval = ["faiss-cpu", "datasets (!=2.5.0)"]
sagemaker = ["sagemaker (>=2.31.0)"]
sentencepiece = ["sentencepiece (>=0.1.91,!=0.1.92)", "protobuf"]
serving = ["pydantic (<2)", "uvicorn", "fastapi", "starlette"]
sigopt = ["sigopt"]
sklearn = ["scikit-learn"]
speech = ["torchaudio", "librosa", "pyctcdecode (>=0.4.0)", "phonemizer", "kenlm"]
testing = ["pytest (>=7.2.0)", "pytest-xdist", "timeout-decorator", "parameterized", "psutil", "datasets (!=2.5.0)", "dill (<0.3.5)", "evaluate (>=0.2.0)", "pytest-timeout", "ruff (==0.1.5)", "sacrebleu (>=1.4.12,<2.0.0)", "rouge-score (!=0.0.7,!=0.0.8,!=0.1,!=0.1.1)", "nltk", "GitPython (<3.1.19)", "hf-doc-builder (>=0.3.0)", "protobuf", "sacremoses", "rjieba", "beautifulsoup4", "tensorboard", "pydantic (<2)", "faiss-cpu", "cookiecutter (==1.7.3)"]
tf = ["tensorflow (>=2.6,<2.16)", "onnxconverter-common", "tf2onnx", "tensorflow-text (<2.16)", "keras-nlp (>=0.3.1)"]
tf-cpu = ["tensorflow-cpu (>=2.6,<2.16)", "onnxconverter-common", "tf2onnx", "tensorflow-text (<2.16)", "keras-nlp (>=0.3.1)"]
tf-speech = ["librosa", "pyctcdecode (>=0.4.0)", "phonemizer", "kenlm"]
timm = ["timm"]
tokenizers = ["tokenizers (>=0.14,<0.19)"]
torch = ["torch (>=1.10,!=1.12.0)", "accelerate (>=0.21.0)"]
torch-speech = ["torchaudio", "librosa", "pyctcdecode (>=0.4.0)", "phonemizer", "kenlm"]
torch-vision = ["torchvision", "Pillow (>=10.0.1,<=15.0)"]
torchhub = ["filelock", "huggingface-hub (>=0.19.3,<1.0)", "importlib-metadata", "numpy (>=1.17)", "packaging (>=20.0)", "protobuf", "regex (!=2019.12.17)", "requests", "sentencepiece (>=0.1.91,!=0.1.92)", "torch (>=1.10,!=1.12.0)", "tokenizers (>=0.14,<0.19)", "tqdm (>=4.27)"]
video = ["decord (==0.6.0)", "av (==9.2.0)"]
vision = ["Pillow (>=10.0.1,<=15.0)"]

[[package]]
name = "triton"
version = "2.1.0"
description = "A language and compiler for custom Deep Learning operations"
category = "main"
optional = false
python-versions = "*"

[package.dependencies]
filelock = "*"

[package.extras]
build = ["cmake (>=3.18)", "lit"]
tests = ["autopep8", "flake8", "isort", "numpy", "pytest", "scipy (>=1.7.1)"]
tutorials = ["matplotlib", "pandas", "tabulate"]

[[package]]
name = "trl"
version = "0.7.11.dev0"
description = ""
category = "main"
optional = false
python-versions = ">=3.7"
develop = false

[package.dependencies]
accelerate = "*"
datasets = "*"
numpy = ">=1.18.2"
torch = ">=1.4.0"
transformers = ">=4.31.0"
tyro = ">=0.5.11"

[package.extras]
test = ["parameterized", "pytest", "pytest-xdist", "accelerate", "pytest-cov", "pytest-xdist"]
peft = ["peft (>=0.4.0)"]
diffusers = ["diffusers (>=0.18.0)"]
deepspeed = ["deepspeed (>=0.9.5)"]
benchmark = ["wandb", "ghapi", "openrlbenchmark (==0.2.1a5)", "requests", "deepspeed"]
quantization = ["bitsandbytes (<=0.41.1)"]

[package.source]
type = "git"
url = "https://github.com/huggingface/trl"
reference = "a3c5b7178ac4f65569975efadc97db2f3749c65e"
resolved_reference = "a3c5b7178ac4f65569975efadc97db2f3749c65e"

[[package]]
name = "typing-extensions"
version = "4.11.0"
description = "Backported and Experimental Type Hints for Python 3.8+"
category = "main"
optional = false
python-versions = ">=3.8"

[[package]]
name = "tyro"
version = "0.8.3"
description = "Strongly typed, zero-effort CLI interfaces"
category = "main"
optional = false
python-versions = ">=3.7"

[package.dependencies]
colorama = {version = ">=0.4.0", markers = "platform_system == \"Windows\""}
docstring-parser = ">=0.14.1"
rich = ">=11.1.0"
shtab = ">=1.5.6"
typing-extensions = ">=4.7.0"

[package.extras]
dev = ["PyYAML (>=6.0)", "frozendict (>=2.3.4)", "pytest (>=7.1.2)", "pytest-cov (>=3.0.0)", "omegaconf (>=2.2.2)", "attrs (>=21.4.0)", "torch (>=1.10.0)", "pyright (>=1.1.349)", "ruff (>=0.1.13)", "mypy (>=1.4.1)", "numpy (>=1.20.0)", "pydantic (>=2.5.2)", "coverage[toml] (>=6.5.0)", "eval-type-backport (>=0.1.3)", "flax (>=0.6.9)"]

[[package]]
name = "tzdata"
version = "2024.1"
description = "Provider of IANA time zone data"
category = "main"
optional = false
python-versions = ">=2"

[[package]]
name = "urllib3"
version = "2.2.1"
description = "HTTP library with thread-safe connection pooling, file post, and more."
category = "main"
optional = false
python-versions = ">=3.8"

[package.extras]
brotli = ["brotli (>=1.0.9)", "brotlicffi (>=0.8.0)"]
h2 = ["h2 (>=4,<5)"]
socks = ["pysocks (>=1.5.6,!=1.5.7,<2.0)"]
zstd = ["zstandard (>=0.18.0)"]

[[package]]
name = "xxhash"
version = "3.4.1"
description = "Python binding for xxHash"
category = "main"
optional = false
python-versions = ">=3.7"

[[package]]
name = "yarl"
version = "1.9.4"
description = "Yet another URL library"
category = "main"
optional = false
python-versions = ">=3.7"

[package.dependencies]
idna = ">=2.0"
multidict = ">=4.0"

[metadata]
lock-version = "1.1"
python-versions = "^3.10"
content-hash = "3b1befe984b4fccd2a0b13e826b2fcadab8aab573b75313101cc0b0fa3589715"

[metadata.files]
accelerate = []
aiohttp = []
aiosignal = []
async-timeout = []
attrs = []
bitsandbytes = []
certifi = []
charset-normalizer = []
colorama = []
datasets = []
dill = []
docstring-parser = []
einops = []
evaluate = []
filelock = []
flash-attn = []
frozenlist = []
fsspec = []
huggingface-hub = []
idna = []
jinja2 = []
markdown-it-py = []
markupsafe = []
mdurl = []
mpmath = []
multidict = []
multiprocess = []
networkx = []
ninja = []
numpy = []
nvidia-cublas-cu12 = []
nvidia-cuda-cupti-cu12 = []
nvidia-cuda-nvrtc-cu12 = []
nvidia-cuda-runtime-cu12 = []
nvidia-cudnn-cu12 = []
nvidia-cufft-cu12 = []
nvidia-curand-cu12 = []
nvidia-cusolver-cu12 = []
nvidia-cusparse-cu12 = []
nvidia-nccl-cu12 = []
nvidia-nvjitlink-cu12 = []
nvidia-nvtx-cu12 = []
packaging = []
pandas = []
peft = []
psutil = []
pyarrow = []
pyarrow-hotfix = []
pygments = []
python-dateutil = []
pytz = []
pyyaml = []
regex = []
requests = []
responses = []
rich = []
safetensors = []
scipy = []
shtab = []
six = []
sympy = []
tokenizers = []
torch = []
tqdm = []
transformers = []
triton = []
trl = []
typing-extensions = []
tyro = []
tzdata = []
urllib3 = []
xxhash = []
yarl = []
